
Microsoft Visual Studio Solution File, Format Version 12.00
# Visual Studio 2013
VisualStudioVersion = 12.0.40629.0
MinimumVisualStudioVersion = 10.0.40219.1
Project("{FAE04EC0-301F-11D3-BF4B-00C04F79EFBC}") = "DataLevel", "DataLevel\DataLevel.csproj", "{68197260-CF34-40B7-A6BC-07A3C70294A7}"
EndProject
Project("{FAE04EC0-301F-11D3-BF4B-00C04F79EFBC}") = "BuisenessLevel", "BuisenessLevel\BuisenessLevel.csproj", "{663977A1-1417-45E9-A6F6-31578FEA03F6}"
EndProject
Project("{FAE04EC0-301F-11D3-BF4B-00C04F79EFBC}") = "ChatServise", "ChatServise\ChatServise.csproj", "{20417D78-3EF4-4D33-9F88-E8F928F582F7}"
EndProject
Global
	GlobalSection(SolutionConfigurationPlatforms) = preSolution
		Debug|Any CPU = Debug|Any CPU
		Release|Any CPU = Release|Any CPU
	EndGlobalSection
	GlobalSection(ProjectConfigurationPlatforms) = postSolution
		{68197260-CF34-40B7-A6BC-07A3C70294A7}.Debug|Any CPU.ActiveCfg = Debug|Any CPU
		{68197260-CF34-40B7-A6BC-07A3C70294A7}.Debug|Any CPU.Build.0 = Debug|Any CPU
		{68197260-CF34-40B7-A6BC-07A3C70294A7}.Release|Any CPU.ActiveCfg = Release|Any CPU
		{68197260-CF34-40B7-A6BC-07A3C70294A7}.Release|Any CPU.Build.0 = Release|Any CPU
		{663977A1-1417-45E9-A6F6-31578FEA03F6}.Debug|Any CPU.ActiveCfg = Debug|Any CPU
		{663977A1-1417-45E9-A6F6-31578FEA03F6}.Debug|Any CPU.Build.0 = Debug|Any CPU
		{663977A1-1417-45E9-A6F6-31578FEA03F6}.Release|Any CPU.ActiveCfg = Release|Any CPU
		{663977A1-1417-45E9-A6F6-31578FEA03F6}.Release|Any CPU.Build.0 = Release|Any CPU
		{20417D78-3EF4-4D33-9F88-E8F928F582F7}.Debug|Any CPU.ActiveCfg = Debug|Any CPU
		{20417D78-3EF4-4D33-9F88-E8F928F582F7}.Debug|Any CPU.Build.0 = Debug|Any CPU
		{20417D78-3EF4-4D33-9F88-E8F928F582F7}.Release|Any CPU.ActiveCfg = Release|Any CPU
		{20417D78-3EF4-4D33-9F88-E8F928F582F7}.Release|Any CPU.Build.0 = Release|Any CPU
	EndGlobalSection
	GlobalSection(SolutionProperties) = preSolution
		HideSolutionNode = FALSE
	EndGlobalSection
EndGlobal
